
Microsoft Visual Studio Solution File, Format Version 12.00
# Visual Studio 15
VisualStudioVersion = 15.0.28307.539
MinimumVisualStudioVersion = 10.0.40219.1
Project("{FAE04EC0-301F-11D3-BF4B-00C04F79EFBC}") = "Baiky2", "Baiky2\Baiky2.csproj", "{4D0C851E-2533-4D32-AE76-88B27D097161}"
EndProject
Global
	GlobalSection(SolutionConfigurationPlatforms) = preSolution
		Debug|Any CPU = Debug|Any CPU
		Release|Any CPU = Release|Any CPU
	EndGlobalSection
	GlobalSection(ProjectConfigurationPlatforms) = postSolution
		{4D0C851E-2533-4D32-AE76-88B27D097161}.Debug|Any CPU.ActiveCfg = Debug|Any CPU
		{4D0C851E-2533-4D32-AE76-88B27D097161}.Debug|Any CPU.Build.0 = Debug|Any CPU
		{4D0C851E-2533-4D32-AE76-88B27D097161}.Release|Any CPU.ActiveCfg = Release|Any CPU
		{4D0C851E-2533-4D32-AE76-88B27D097161}.Release|Any CPU.Build.0 = Release|Any CPU
	EndGlobalSection
	GlobalSection(SolutionProperties) = preSolution
		HideSolutionNode = FALSE
	EndGlobalSection
	GlobalSection(ExtensibilityGlobals) = postSolution
		SolutionGuid = {AAD07B8F-CA2B-45B9-BC81-3485078A3A00}
	EndGlobalSection
EndGlobal
